<?xml version="1.0" encoding="utf-8"?>
<Project ToolsVersion="4.0" xmlns="http://schemas.microsoft.com/developer/msbuild/2003">
  <ItemGroup>
    <Filter Include="Source Files">
      <UniqueIdentifier>{4FC737F1-C7A5-4376-A066-2A32D752A2FF}</UniqueIdentifier>
      <Extensions>cpp;c;cc;cxx;def;odl;idl;hpj;bat;asm;asmx</Extensions>
    </Filter>
  </ItemGroup>
  <ItemGroup>
    <ClCompile Include="pch.cpp">
      <Filter>Source Files</Filter>
    </ClCompile>
    <ClCompile Include="qcocoabutton.cpp">
      <Filter>Source Files</Filter>
    </ClCompile>
    <ClCompile Include="qcocoagradientbutton.cpp">
      <Filter>Source Files</Filter>
    </ClCompile>
    <ClCompile Include="qcocoapreferencesdialog.cpp">
      <Filter>Source Files</Filter>
    </ClCompile>
    <ClCompile Include="qcocoapreferencesdialog_generic.cpp">
      <Filter>Source Files</Filter>
    </ClCompile>
    <ClCompile Include="qcocoasegmentedbutton.cpp">
      <Filter>Source Files</Filter>
    </ClCompile>
    <ClCompile Include="qcocoaslider.cpp">
      <Filter>Source Files</Filter>
    </ClCompile>
    <ClCompile Include="qcocoapopover_generic.cpp">
      <Filter>Source Files</Filter>
    </ClCompile>
    <ClCompile Include="qcocoapopover_generic_dialog.cpp">
      <Filter>Source Files</Filter>
    </ClCompile>
  </ItemGroup>
  <ItemGroup>
    <QtMoc Include="qcocoabox.h">
      <Filter>Source Files</Filter>
    </QtMoc>
    <QtMoc Include="qcocoabutton.h">
      <Filter>Source Files</Filter>
    </QtMoc>
    <QtMoc Include="qcocoabuttonactionmenu.h">
      <Filter>Source Files</Filter>
    </QtMoc>
    <QtMoc Include="qcocoagradientbutton.h">
      <Filter>Source Files</Filter>
    </QtMoc>
    <QtMoc Include="qcocoamessagebox.h">
      <Filter>Source Files</Filter>
    </QtMoc>
    <QtMoc Include="qcocoapopover.h">
      <Filter>Source Files</Filter>
    </QtMoc>
    <QtMoc Include="qcocoapreferencesdialog.h">
      <Filter>Source Files</Filter>
    </QtMoc>
    <QtMoc Include="qcocoasegmentedbutton.h">
      <Filter>Source Files</Filter>
    </QtMoc>
    <QtMoc Include="qcocoaslider.h">
      <Filter>Source Files</Filter>
    </QtMoc>
    <QtMoc Include="qcocoapopover_generic_dialog.h">
      <Filter>Source Files</Filter>
    </QtMoc>
  </ItemGroup>
  <ItemGroup>
    <ClInclude Include="qcocoabutton_p.h">
      <Filter>Source Files</Filter>
    </ClInclude>
    <ClInclude Include="qcocoacontrols.h">
      <Filter>Source Files</Filter>
    </ClInclude>
    <ClInclude Include="qcocoaicon.h">
      <Filter>Source Files</Filter>
    </ClInclude>
    <ClInclude Include="pch.h">
      <Filter>Source Files</Filter>
    </ClInclude>
  </ItemGroup>
  <ItemGroup>
    <QtRcc Include="qcocoacontrols.qrc">
      <Filter>Source Files</Filter>
    </QtRcc>
  </ItemGroup>
</Project>